
Microsoft Visual Studio Solution File, Format Version 12.00
# Visual Studio Version 17
VisualStudioVersion = 17.0.32112.339
MinimumVisualStudioVersion = 10.0.40219.1
Project("{FAE04EC0-301F-11D3-BF4B-00C04F79EFBC}") = "Parte2", "Parte2.csproj", "{F98252D3-0B59-4F37-83F6-9355CA2C58B9}"
EndProject
Global
	GlobalSection(SolutionConfigurationPlatforms) = preSolution
		Debug|Any CPU = Debug|Any CPU
		Release|Any CPU = Release|Any CPU
	EndGlobalSection
	GlobalSection(ProjectConfigurationPlatforms) = postSolution
		{F98252D3-0B59-4F37-83F6-9355CA2C58B9}.Debug|Any CPU.ActiveCfg = Debug|Any CPU
		{F98252D3-0B59-4F37-83F6-9355CA2C58B9}.Debug|Any CPU.Build.0 = Debug|Any CPU
		{F98252D3-0B59-4F37-83F6-9355CA2C58B9}.Release|Any CPU.ActiveCfg = Release|Any CPU
		{F98252D3-0B59-4F37-83F6-9355CA2C58B9}.Release|Any CPU.Build.0 = Release|Any CPU
	EndGlobalSection
	GlobalSection(SolutionProperties) = preSolution
		HideSolutionNode = FALSE
	EndGlobalSection
	GlobalSection(ExtensibilityGlobals) = postSolution
		SolutionGuid = {14C33927-7D3E-428A-B837-3E525AB3A946}
	EndGlobalSection
EndGlobal
